
Microsoft Visual Studio Solution File, Format Version 12.00
# Visual Studio Version 17
VisualStudioVersion = 17.13.35825.156 d17.13
MinimumVisualStudioVersion = 10.0.40219.1
Project("{FAE04EC0-301F-11D3-BF4B-00C04F79EFBC}") = "LinkTask", "LinkTask\LinkTask.csproj", "{08AE4C4A-AB61-4EEE-91BB-DEEF9394062D}"
EndProject
Global
	GlobalSection(SolutionConfigurationPlatforms) = preSolution
		Debug|Any CPU = Debug|Any CPU
		Release|Any CPU = Release|Any CPU
	EndGlobalSection
	GlobalSection(ProjectConfigurationPlatforms) = postSolution
		{08AE4C4A-AB61-4EEE-91BB-DEEF9394062D}.Debug|Any CPU.ActiveCfg = Debug|Any CPU
		{08AE4C4A-AB61-4EEE-91BB-DEEF9394062D}.Debug|Any CPU.Build.0 = Debug|Any CPU
		{08AE4C4A-AB61-4EEE-91BB-DEEF9394062D}.Release|Any CPU.ActiveCfg = Release|Any CPU
		{08AE4C4A-AB61-4EEE-91BB-DEEF9394062D}.Release|Any CPU.Build.0 = Release|Any CPU
	EndGlobalSection
	GlobalSection(SolutionProperties) = preSolution
		HideSolutionNode = FALSE
	EndGlobalSection
	GlobalSection(ExtensibilityGlobals) = postSolution
		SolutionGuid = {9FC09A91-998B-4DAA-9550-EBE542522EFB}
	EndGlobalSection
EndGlobal
